
Microsoft Visual Studio Solution File, Format Version 12.00
# Visual Studio 14
VisualStudioVersion = 14.0.25123.0
MinimumVisualStudioVersion = 10.0.40219.1
Project("{262852C6-CD72-467D-83FE-5EEB1973A190}") = "oidc-demo-cordova", "Oidc.Demo.Cordova\oidc-demo-cordova.jsproj", "{1A92A9B6-FB7F-4111-892F-B268909CEBEA}"
EndProject
Global
	GlobalSection(SolutionConfigurationPlatforms) = preSolution
		Debug|Android = Debug|Android
		Debug|Any CPU = Debug|Any CPU
		Debug|iOS = Debug|iOS
		Debug|Windows Phone (Universal) = Debug|Windows Phone (Universal)
		Debug|Windows Phone 8 = Debug|Windows Phone 8
		Debug|Windows-AnyCPU = Debug|Windows-AnyCPU
		Debug|Windows-ARM = Debug|Windows-ARM
		Debug|Windows-x64 = Debug|Windows-x64
		Debug|Windows-x86 = Debug|Windows-x86
		Release|Android = Release|Android
		Release|Any CPU = Release|Any CPU
		Release|iOS = Release|iOS
		Release|Windows Phone (Universal) = Release|Windows Phone (Universal)
		Release|Windows Phone 8 = Release|Windows Phone 8
		Release|Windows-AnyCPU = Release|Windows-AnyCPU
		Release|Windows-ARM = Release|Windows-ARM
		Release|Windows-x64 = Release|Windows-x64
		Release|Windows-x86 = Release|Windows-x86
	EndGlobalSection
	GlobalSection(ProjectConfigurationPlatforms) = postSolution
		{8E3A7FF0-F984-4DD2-8614-B21371A7BEFD}.Debug|Android.ActiveCfg = Debug|Any CPU
		{8E3A7FF0-F984-4DD2-8614-B21371A7BEFD}.Debug|Android.Build.0 = Debug|Any CPU
		{8E3A7FF0-F984-4DD2-8614-B21371A7BEFD}.Debug|Any CPU.ActiveCfg = Debug|Any CPU
		{8E3A7FF0-F984-4DD2-8614-B21371A7BEFD}.Debug|Any CPU.Build.0 = Debug|Any CPU
		{8E3A7FF0-F984-4DD2-8614-B21371A7BEFD}.Debug|iOS.ActiveCfg = Debug|Any CPU
		{8E3A7FF0-F984-4DD2-8614-B21371A7BEFD}.Debug|iOS.Build.0 = Debug|Any CPU
		{8E3A7FF0-F984-4DD2-8614-B21371A7BEFD}.Debug|Windows Phone (Universal).ActiveCfg = Debug|Any CPU
		{8E3A7FF0-F984-4DD2-8614-B21371A7BEFD}.Debug|Windows Phone (Universal).Build.0 = Debug|Any CPU
		{8E3A7FF0-F984-4DD2-8614-B21371A7BEFD}.Debug|Windows Phone 8.ActiveCfg = Debug|Any CPU
		{8E3A7FF0-F984-4DD2-8614-B21371A7BEFD}.Debug|Windows Phone 8.Build.0 = Debug|Any CPU
		{8E3A7FF0-F984-4DD2-8614-B21371A7BEFD}.Debug|Windows-AnyCPU.ActiveCfg = Debug|Any CPU
		{8E3A7FF0-F984-4DD2-8614-B21371A7BEFD}.Debug|Windows-AnyCPU.Build.0 = Debug|Any CPU
		{8E3A7FF0-F984-4DD2-8614-B21371A7BEFD}.Debug|Windows-ARM.ActiveCfg = Debug|Any CPU
		{8E3A7FF0-F984-4DD2-8614-B21371A7BEFD}.Debug|Windows-ARM.Build.0 = Debug|Any CPU
		{8E3A7FF0-F984-4DD2-8614-B21371A7BEFD}.Debug|Windows-x64.ActiveCfg = Debug|Any CPU
		{8E3A7FF0-F984-4DD2-8614-B21371A7BEFD}.Debug|Windows-x64.Build.0 = Debug|Any CPU
		{8E3A7FF0-F984-4DD2-8614-B21371A7BEFD}.Debug|Windows-x86.ActiveCfg = Debug|Any CPU
		{8E3A7FF0-F984-4DD2-8614-B21371A7BEFD}.Debug|Windows-x86.Build.0 = Debug|Any CPU
		{8E3A7FF0-F984-4DD2-8614-B21371A7BEFD}.Release|Android.ActiveCfg = Release|Any CPU
		{8E3A7FF0-F984-4DD2-8614-B21371A7BEFD}.Release|Android.Build.0 = Release|Any CPU
		{8E3A7FF0-F984-4DD2-8614-B21371A7BEFD}.Release|Any CPU.ActiveCfg = Release|Any CPU
		{8E3A7FF0-F984-4DD2-8614-B21371A7BEFD}.Release|Any CPU.Build.0 = Release|Any CPU
		{8E3A7FF0-F984-4DD2-8614-B21371A7BEFD}.Release|iOS.ActiveCfg = Release|Any CPU
		{8E3A7FF0-F984-4DD2-8614-B21371A7BEFD}.Release|iOS.Build.0 = Release|Any CPU
		{8E3A7FF0-F984-4DD2-8614-B21371A7BEFD}.Release|Windows Phone (Universal).ActiveCfg = Release|Any CPU
		{8E3A7FF0-F984-4DD2-8614-B21371A7BEFD}.Release|Windows Phone (Universal).Build.0 = Release|Any CPU
		{8E3A7FF0-F984-4DD2-8614-B21371A7BEFD}.Release|Windows Phone 8.ActiveCfg = Release|Any CPU
		{8E3A7FF0-F984-4DD2-8614-B21371A7BEFD}.Release|Windows Phone 8.Build.0 = Release|Any CPU
		{8E3A7FF0-F984-4DD2-8614-B21371A7BEFD}.Release|Windows-AnyCPU.ActiveCfg = Release|Any CPU
		{8E3A7FF0-F984-4DD2-8614-B21371A7BEFD}.Release|Windows-AnyCPU.Build.0 = Release|Any CPU
		{8E3A7FF0-F984-4DD2-8614-B21371A7BEFD}.Release|Windows-ARM.ActiveCfg = Release|Any CPU
		{8E3A7FF0-F984-4DD2-8614-B21371A7BEFD}.Release|Windows-ARM.Build.0 = Release|Any CPU
		{8E3A7FF0-F984-4DD2-8614-B21371A7BEFD}.Release|Windows-x64.ActiveCfg = Release|Any CPU
		{8E3A7FF0-F984-4DD2-8614-B21371A7BEFD}.Release|Windows-x64.Build.0 = Release|Any CPU
		{8E3A7FF0-F984-4DD2-8614-B21371A7BEFD}.Release|Windows-x86.ActiveCfg = Release|Any CPU
		{8E3A7FF0-F984-4DD2-8614-B21371A7BEFD}.Release|Windows-x86.Build.0 = Release|Any CPU
		{1A92A9B6-FB7F-4111-892F-B268909CEBEA}.Debug|Android.ActiveCfg = Debug|Android
		{1A92A9B6-FB7F-4111-892F-B268909CEBEA}.Debug|Android.Build.0 = Debug|Android
		{1A92A9B6-FB7F-4111-892F-B268909CEBEA}.Debug|Android.Deploy.0 = Debug|Android
		{1A92A9B6-FB7F-4111-892F-B268909CEBEA}.Debug|Any CPU.ActiveCfg = Debug|Android
		{1A92A9B6-FB7F-4111-892F-B268909CEBEA}.Debug|iOS.ActiveCfg = Debug|iOS
		{1A92A9B6-FB7F-4111-892F-B268909CEBEA}.Debug|iOS.Build.0 = Debug|iOS
		{1A92A9B6-FB7F-4111-892F-B268909CEBEA}.Debug|iOS.Deploy.0 = Debug|iOS
		{1A92A9B6-FB7F-4111-892F-B268909CEBEA}.Debug|Windows Phone (Universal).ActiveCfg = Debug|Windows Phone (Universal)
		{1A92A9B6-FB7F-4111-892F-B268909CEBEA}.Debug|Windows Phone (Universal).Build.0 = Debug|Windows Phone (Universal)
		{1A92A9B6-FB7F-4111-892F-B268909CEBEA}.Debug|Windows Phone (Universal).Deploy.0 = Debug|Windows Phone (Universal)
		{1A92A9B6-FB7F-4111-892F-B268909CEBEA}.Debug|Windows Phone 8.ActiveCfg = Debug|Windows Phone 8
		{1A92A9B6-FB7F-4111-892F-B268909CEBEA}.Debug|Windows Phone 8.Build.0 = Debug|Windows Phone 8
		{1A92A9B6-FB7F-4111-892F-B268909CEBEA}.Debug|Windows Phone 8.Deploy.0 = Debug|Windows Phone 8
		{1A92A9B6-FB7F-4111-892F-B268909CEBEA}.Debug|Windows-AnyCPU.ActiveCfg = Debug|Windows-AnyCPU
		{1A92A9B6-FB7F-4111-892F-B268909CEBEA}.Debug|Windows-AnyCPU.Build.0 = Debug|Windows-AnyCPU
		{1A92A9B6-FB7F-4111-892F-B268909CEBEA}.Debug|Windows-AnyCPU.Deploy.0 = Debug|Windows-AnyCPU
		{1A92A9B6-FB7F-4111-892F-B268909CEBEA}.Debug|Windows-ARM.ActiveCfg = Debug|Windows-ARM
		{1A92A9B6-FB7F-4111-892F-B268909CEBEA}.Debug|Windows-ARM.Build.0 = Debug|Windows-ARM
		{1A92A9B6-FB7F-4111-892F-B268909CEBEA}.Debug|Windows-ARM.Deploy.0 = Debug|Windows-ARM
		{1A92A9B6-FB7F-4111-892F-B268909CEBEA}.Debug|Windows-x64.ActiveCfg = Debug|Windows-x64
		{1A92A9B6-FB7F-4111-892F-B268909CEBEA}.Debug|Windows-x64.Build.0 = Debug|Windows-x64
		{1A92A9B6-FB7F-4111-892F-B268909CEBEA}.Debug|Windows-x64.Deploy.0 = Debug|Windows-x64
		{1A92A9B6-FB7F-4111-892F-B268909CEBEA}.Debug|Windows-x86.ActiveCfg = Debug|Windows-x86
		{1A92A9B6-FB7F-4111-892F-B268909CEBEA}.Debug|Windows-x86.Build.0 = Debug|Windows-x86
		{1A92A9B6-FB7F-4111-892F-B268909CEBEA}.Debug|Windows-x86.Deploy.0 = Debug|Windows-x86
		{1A92A9B6-FB7F-4111-892F-B268909CEBEA}.Release|Android.ActiveCfg = Release|Android
		{1A92A9B6-FB7F-4111-892F-B268909CEBEA}.Release|Android.Build.0 = Release|Android
		{1A92A9B6-FB7F-4111-892F-B268909CEBEA}.Release|Android.Deploy.0 = Release|Android
		{1A92A9B6-FB7F-4111-892F-B268909CEBEA}.Release|Any CPU.ActiveCfg = Release|Android
		{1A92A9B6-FB7F-4111-892F-B268909CEBEA}.Release|iOS.ActiveCfg = Release|iOS
		{1A92A9B6-FB7F-4111-892F-B268909CEBEA}.Release|iOS.Build.0 = Release|iOS
		{1A92A9B6-FB7F-4111-892F-B268909CEBEA}.Release|iOS.Deploy.0 = Release|iOS
		{1A92A9B6-FB7F-4111-892F-B268909CEBEA}.Release|Windows Phone (Universal).ActiveCfg = Release|Windows Phone (Universal)
		{1A92A9B6-FB7F-4111-892F-B268909CEBEA}.Release|Windows Phone (Universal).Build.0 = Release|Windows Phone (Universal)
		{1A92A9B6-FB7F-4111-892F-B268909CEBEA}.Release|Windows Phone (Universal).Deploy.0 = Release|Windows Phone (Universal)
		{1A92A9B6-FB7F-4111-892F-B268909CEBEA}.Release|Windows Phone 8.ActiveCfg = Release|Windows Phone 8
		{1A92A9B6-FB7F-4111-892F-B268909CEBEA}.Release|Windows Phone 8.Build.0 = Release|Windows Phone 8
		{1A92A9B6-FB7F-4111-892F-B268909CEBEA}.Release|Windows Phone 8.Deploy.0 = Release|Windows Phone 8
		{1A92A9B6-FB7F-4111-892F-B268909CEBEA}.Release|Windows-AnyCPU.ActiveCfg = Release|Windows-AnyCPU
		{1A92A9B6-FB7F-4111-892F-B268909CEBEA}.Release|Windows-AnyCPU.Build.0 = Release|Windows-AnyCPU
		{1A92A9B6-FB7F-4111-892F-B268909CEBEA}.Release|Windows-AnyCPU.Deploy.0 = Release|Windows-AnyCPU
		{1A92A9B6-FB7F-4111-892F-B268909CEBEA}.Release|Windows-ARM.ActiveCfg = Release|Windows-ARM
		{1A92A9B6-FB7F-4111-892F-B268909CEBEA}.Release|Windows-ARM.Build.0 = Release|Windows-ARM
		{1A92A9B6-FB7F-4111-892F-B268909CEBEA}.Release|Windows-ARM.Deploy.0 = Release|Windows-ARM
		{1A92A9B6-FB7F-4111-892F-B268909CEBEA}.Release|Windows-x64.ActiveCfg = Release|Windows-x64
		{1A92A9B6-FB7F-4111-892F-B268909CEBEA}.Release|Windows-x64.Build.0 = Release|Windows-x64
		{1A92A9B6-FB7F-4111-892F-B268909CEBEA}.Release|Windows-x64.Deploy.0 = Release|Windows-x64
		{1A92A9B6-FB7F-4111-892F-B268909CEBEA}.Release|Windows-x86.ActiveCfg = Release|Windows-x86
		{1A92A9B6-FB7F-4111-892F-B268909CEBEA}.Release|Windows-x86.Build.0 = Release|Windows-x86
		{1A92A9B6-FB7F-4111-892F-B268909CEBEA}.Release|Windows-x86.Deploy.0 = Release|Windows-x86
		{E060DFEE-3049-48CD-9822-153BA1D4747E}.Debug|Android.ActiveCfg = Debug|Any CPU
		{E060DFEE-3049-48CD-9822-153BA1D4747E}.Debug|Android.Build.0 = Debug|Any CPU
		{E060DFEE-3049-48CD-9822-153BA1D4747E}.Debug|Any CPU.ActiveCfg = Debug|Any CPU
		{E060DFEE-3049-48CD-9822-153BA1D4747E}.Debug|Any CPU.Build.0 = Debug|Any CPU
		{E060DFEE-3049-48CD-9822-153BA1D4747E}.Debug|iOS.ActiveCfg = Debug|Any CPU
		{E060DFEE-3049-48CD-9822-153BA1D4747E}.Debug|iOS.Build.0 = Debug|Any CPU
		{E060DFEE-3049-48CD-9822-153BA1D4747E}.Debug|Windows Phone (Universal).ActiveCfg = Debug|Any CPU
		{E060DFEE-3049-48CD-9822-153BA1D4747E}.Debug|Windows Phone (Universal).Build.0 = Debug|Any CPU
		{E060DFEE-3049-48CD-9822-153BA1D4747E}.Debug|Windows Phone 8.ActiveCfg = Debug|Any CPU
		{E060DFEE-3049-48CD-9822-153BA1D4747E}.Debug|Windows Phone 8.Build.0 = Debug|Any CPU
		{E060DFEE-3049-48CD-9822-153BA1D4747E}.Debug|Windows-AnyCPU.ActiveCfg = Debug|Any CPU
		{E060DFEE-3049-48CD-9822-153BA1D4747E}.Debug|Windows-AnyCPU.Build.0 = Debug|Any CPU
		{E060DFEE-3049-48CD-9822-153BA1D4747E}.Debug|Windows-ARM.ActiveCfg = Debug|Any CPU
		{E060DFEE-3049-48CD-9822-153BA1D4747E}.Debug|Windows-ARM.Build.0 = Debug|Any CPU
		{E060DFEE-3049-48CD-9822-153BA1D4747E}.Debug|Windows-x64.ActiveCfg = Debug|Any CPU
		{E060DFEE-3049-48CD-9822-153BA1D4747E}.Debug|Windows-x64.Build.0 = Debug|Any CPU
		{E060DFEE-3049-48CD-9822-153BA1D4747E}.Debug|Windows-x86.ActiveCfg = Debug|Any CPU
		{E060DFEE-3049-48CD-9822-153BA1D4747E}.Debug|Windows-x86.Build.0 = Debug|Any CPU
		{E060DFEE-3049-48CD-9822-153BA1D4747E}.Release|Android.ActiveCfg = Release|Any CPU
		{E060DFEE-3049-48CD-9822-153BA1D4747E}.Release|Android.Build.0 = Release|Any CPU
		{E060DFEE-3049-48CD-9822-153BA1D4747E}.Release|Any CPU.ActiveCfg = Release|Any CPU
		{E060DFEE-3049-48CD-9822-153BA1D4747E}.Release|Any CPU.Build.0 = Release|Any CPU
		{E060DFEE-3049-48CD-9822-153BA1D4747E}.Release|iOS.ActiveCfg = Release|Any CPU
		{E060DFEE-3049-48CD-9822-153BA1D4747E}.Release|iOS.Build.0 = Release|Any CPU
		{E060DFEE-3049-48CD-9822-153BA1D4747E}.Release|Windows Phone (Universal).ActiveCfg = Release|Any CPU
		{E060DFEE-3049-48CD-9822-153BA1D4747E}.Release|Windows Phone (Universal).Build.0 = Release|Any CPU
		{E060DFEE-3049-48CD-9822-153BA1D4747E}.Release|Windows Phone 8.ActiveCfg = Release|Any CPU
		{E060DFEE-3049-48CD-9822-153BA1D4747E}.Release|Windows Phone 8.Build.0 = Release|Any CPU
		{E060DFEE-3049-48CD-9822-153BA1D4747E}.Release|Windows-AnyCPU.ActiveCfg = Release|Any CPU
		{E060DFEE-3049-48CD-9822-153BA1D4747E}.Release|Windows-AnyCPU.Build.0 = Release|Any CPU
		{E060DFEE-3049-48CD-9822-153BA1D4747E}.Release|Windows-ARM.ActiveCfg = Release|Any CPU
		{E060DFEE-3049-48CD-9822-153BA1D4747E}.Release|Windows-ARM.Build.0 = Release|Any CPU
		{E060DFEE-3049-48CD-9822-153BA1D4747E}.Release|Windows-x64.ActiveCfg = Release|Any CPU
		{E060DFEE-3049-48CD-9822-153BA1D4747E}.Release|Windows-x64.Build.0 = Release|Any CPU
		{E060DFEE-3049-48CD-9822-153BA1D4747E}.Release|Windows-x86.ActiveCfg = Release|Any CPU
		{E060DFEE-3049-48CD-9822-153BA1D4747E}.Release|Windows-x86.Build.0 = Release|Any CPU
		{361A9231-C21E-4B0A-8BFD-FCAF2FDF8BCF}.Debug|Android.ActiveCfg = Debug|Any CPU
		{361A9231-C21E-4B0A-8BFD-FCAF2FDF8BCF}.Debug|Android.Build.0 = Debug|Any CPU
		{361A9231-C21E-4B0A-8BFD-FCAF2FDF8BCF}.Debug|Any CPU.ActiveCfg = Debug|Any CPU
		{361A9231-C21E-4B0A-8BFD-FCAF2FDF8BCF}.Debug|Any CPU.Build.0 = Debug|Any CPU
		{361A9231-C21E-4B0A-8BFD-FCAF2FDF8BCF}.Debug|iOS.ActiveCfg = Debug|Any CPU
		{361A9231-C21E-4B0A-8BFD-FCAF2FDF8BCF}.Debug|iOS.Build.0 = Debug|Any CPU
		{361A9231-C21E-4B0A-8BFD-FCAF2FDF8BCF}.Debug|Windows Phone (Universal).ActiveCfg = Debug|Any CPU
		{361A9231-C21E-4B0A-8BFD-FCAF2FDF8BCF}.Debug|Windows Phone (Universal).Build.0 = Debug|Any CPU
		{361A9231-C21E-4B0A-8BFD-FCAF2FDF8BCF}.Debug|Windows Phone 8.ActiveCfg = Debug|Any CPU
		{361A9231-C21E-4B0A-8BFD-FCAF2FDF8BCF}.Debug|Windows Phone 8.Build.0 = Debug|Any CPU
		{361A9231-C21E-4B0A-8BFD-FCAF2FDF8BCF}.Debug|Windows-AnyCPU.ActiveCfg = Debug|Any CPU
		{361A9231-C21E-4B0A-8BFD-FCAF2FDF8BCF}.Debug|Windows-AnyCPU.Build.0 = Debug|Any CPU
		{361A9231-C21E-4B0A-8BFD-FCAF2FDF8BCF}.Debug|Windows-ARM.ActiveCfg = Debug|Any CPU
		{361A9231-C21E-4B0A-8BFD-FCAF2FDF8BCF}.Debug|Windows-ARM.Build.0 = Debug|Any CPU
		{361A9231-C21E-4B0A-8BFD-FCAF2FDF8BCF}.Debug|Windows-x64.ActiveCfg = Debug|Any CPU
		{361A9231-C21E-4B0A-8BFD-FCAF2FDF8BCF}.Debug|Windows-x64.Build.0 = Debug|Any CPU
		{361A9231-C21E-4B0A-8BFD-FCAF2FDF8BCF}.Debug|Windows-x86.ActiveCfg = Debug|Any CPU
		{361A9231-C21E-4B0A-8BFD-FCAF2FDF8BCF}.Debug|Windows-x86.Build.0 = Debug|Any CPU
		{361A9231-C21E-4B0A-8BFD-FCAF2FDF8BCF}.Release|Android.ActiveCfg = Release|Any CPU
		{361A9231-C21E-4B0A-8BFD-FCAF2FDF8BCF}.Release|Android.Build.0 = Release|Any CPU
		{361A9231-C21E-4B0A-8BFD-FCAF2FDF8BCF}.Release|Any CPU.ActiveCfg = Release|Any CPU
		{361A9231-C21E-4B0A-8BFD-FCAF2FDF8BCF}.Release|Any CPU.Build.0 = Release|Any CPU
		{361A9231-C21E-4B0A-8BFD-FCAF2FDF8BCF}.Release|iOS.ActiveCfg = Release|Any CPU
		{361A9231-C21E-4B0A-8BFD-FCAF2FDF8BCF}.Release|iOS.Build.0 = Release|Any CPU
		{361A9231-C21E-4B0A-8BFD-FCAF2FDF8BCF}.Release|Windows Phone (Universal).ActiveCfg = Release|Any CPU
		{361A9231-C21E-4B0A-8BFD-FCAF2FDF8BCF}.Release|Windows Phone (Universal).Build.0 = Release|Any CPU
		{361A9231-C21E-4B0A-8BFD-FCAF2FDF8BCF}.Release|Windows Phone 8.ActiveCfg = Release|Any CPU
		{361A9231-C21E-4B0A-8BFD-FCAF2FDF8BCF}.Release|Windows Phone 8.Build.0 = Release|Any CPU
		{361A9231-C21E-4B0A-8BFD-FCAF2FDF8BCF}.Release|Windows-AnyCPU.ActiveCfg = Release|Any CPU
		{361A9231-C21E-4B0A-8BFD-FCAF2FDF8BCF}.Release|Windows-AnyCPU.Build.0 = Release|Any CPU
		{361A9231-C21E-4B0A-8BFD-FCAF2FDF8BCF}.Release|Windows-ARM.ActiveCfg = Release|Any CPU
		{361A9231-C21E-4B0A-8BFD-FCAF2FDF8BCF}.Release|Windows-ARM.Build.0 = Release|Any CPU
		{361A9231-C21E-4B0A-8BFD-FCAF2FDF8BCF}.Release|Windows-x64.ActiveCfg = Release|Any CPU
		{361A9231-C21E-4B0A-8BFD-FCAF2FDF8BCF}.Release|Windows-x64.Build.0 = Release|Any CPU
		{361A9231-C21E-4B0A-8BFD-FCAF2FDF8BCF}.Release|Windows-x86.ActiveCfg = Release|Any CPU
		{361A9231-C21E-4B0A-8BFD-FCAF2FDF8BCF}.Release|Windows-x86.Build.0 = Release|Any CPU
		{4BE8C5B9-5646-4088-983B-DA02C60BB71D}.Debug|Android.ActiveCfg = Debug|Android
		{4BE8C5B9-5646-4088-983B-DA02C60BB71D}.Debug|Android.Build.0 = Debug|Android
		{4BE8C5B9-5646-4088-983B-DA02C60BB71D}.Debug|Android.Deploy.0 = Debug|Android
		{4BE8C5B9-5646-4088-983B-DA02C60BB71D}.Debug|Any CPU.ActiveCfg = Debug|Android
		{4BE8C5B9-5646-4088-983B-DA02C60BB71D}.Debug|iOS.ActiveCfg = Debug|iOS
		{4BE8C5B9-5646-4088-983B-DA02C60BB71D}.Debug|iOS.Build.0 = Debug|iOS
		{4BE8C5B9-5646-4088-983B-DA02C60BB71D}.Debug|iOS.Deploy.0 = Debug|iOS
		{4BE8C5B9-5646-4088-983B-DA02C60BB71D}.Debug|Windows Phone (Universal).ActiveCfg = Debug|Windows Phone (Universal)
		{4BE8C5B9-5646-4088-983B-DA02C60BB71D}.Debug|Windows Phone (Universal).Build.0 = Debug|Windows Phone (Universal)
		{4BE8C5B9-5646-4088-983B-DA02C60BB71D}.Debug|Windows Phone (Universal).Deploy.0 = Debug|Windows Phone (Universal)
		{4BE8C5B9-5646-4088-983B-DA02C60BB71D}.Debug|Windows Phone 8.ActiveCfg = Debug|Windows Phone 8
		{4BE8C5B9-5646-4088-983B-DA02C60BB71D}.Debug|Windows Phone 8.Build.0 = Debug|Windows Phone 8
		{4BE8C5B9-5646-4088-983B-DA02C60BB71D}.Debug|Windows Phone 8.Deploy.0 = Debug|Windows Phone 8
		{4BE8C5B9-5646-4088-983B-DA02C60BB71D}.Debug|Windows-AnyCPU.ActiveCfg = Debug|Windows-AnyCPU
		{4BE8C5B9-5646-4088-983B-DA02C60BB71D}.Debug|Windows-AnyCPU.Build.0 = Debug|Windows-AnyCPU
		{4BE8C5B9-5646-4088-983B-DA02C60BB71D}.Debug|Windows-AnyCPU.Deploy.0 = Debug|Windows-AnyCPU
		{4BE8C5B9-5646-4088-983B-DA02C60BB71D}.Debug|Windows-ARM.ActiveCfg = Debug|Windows-ARM
		{4BE8C5B9-5646-4088-983B-DA02C60BB71D}.Debug|Windows-ARM.Build.0 = Debug|Windows-ARM
		{4BE8C5B9-5646-4088-983B-DA02C60BB71D}.Debug|Windows-ARM.Deploy.0 = Debug|Windows-ARM
		{4BE8C5B9-5646-4088-983B-DA02C60BB71D}.Debug|Windows-x64.ActiveCfg = Debug|Windows-x64
		{4BE8C5B9-5646-4088-983B-DA02C60BB71D}.Debug|Windows-x64.Build.0 = Debug|Windows-x64
		{4BE8C5B9-5646-4088-983B-DA02C60BB71D}.Debug|Windows-x64.Deploy.0 = Debug|Windows-x64
		{4BE8C5B9-5646-4088-983B-DA02C60BB71D}.Debug|Windows-x86.ActiveCfg = Debug|Windows-x86
		{4BE8C5B9-5646-4088-983B-DA02C60BB71D}.Debug|Windows-x86.Build.0 = Debug|Windows-x86
		{4BE8C5B9-5646-4088-983B-DA02C60BB71D}.Debug|Windows-x86.Deploy.0 = Debug|Windows-x86
		{4BE8C5B9-5646-4088-983B-DA02C60BB71D}.Release|Android.ActiveCfg = Release|Android
		{4BE8C5B9-5646-4088-983B-DA02C60BB71D}.Release|Android.Build.0 = Release|Android
		{4BE8C5B9-5646-4088-983B-DA02C60BB71D}.Release|Android.Deploy.0 = Release|Android
		{4BE8C5B9-5646-4088-983B-DA02C60BB71D}.Release|Any CPU.ActiveCfg = Release|Android
		{4BE8C5B9-5646-4088-983B-DA02C60BB71D}.Release|iOS.ActiveCfg = Release|iOS
		{4BE8C5B9-5646-4088-983B-DA02C60BB71D}.Release|iOS.Build.0 = Release|iOS
		{4BE8C5B9-5646-4088-983B-DA02C60BB71D}.Release|iOS.Deploy.0 = Release|iOS
		{4BE8C5B9-5646-4088-983B-DA02C60BB71D}.Release|Windows Phone (Universal).ActiveCfg = Release|Windows Phone (Universal)
		{4BE8C5B9-5646-4088-983B-DA02C60BB71D}.Release|Windows Phone (Universal).Build.0 = Release|Windows Phone (Universal)
		{4BE8C5B9-5646-4088-983B-DA02C60BB71D}.Release|Windows Phone (Universal).Deploy.0 = Release|Windows Phone (Universal)
		{4BE8C5B9-5646-4088-983B-DA02C60BB71D}.Release|Windows Phone 8.ActiveCfg = Release|Windows Phone 8
		{4BE8C5B9-5646-4088-983B-DA02C60BB71D}.Release|Windows Phone 8.Build.0 = Release|Windows Phone 8
		{4BE8C5B9-5646-4088-983B-DA02C60BB71D}.Release|Windows Phone 8.Deploy.0 = Release|Windows Phone 8
		{4BE8C5B9-5646-4088-983B-DA02C60BB71D}.Release|Windows-AnyCPU.ActiveCfg = Release|Windows-AnyCPU
		{4BE8C5B9-5646-4088-983B-DA02C60BB71D}.Release|Windows-AnyCPU.Build.0 = Release|Windows-AnyCPU
		{4BE8C5B9-5646-4088-983B-DA02C60BB71D}.Release|Windows-AnyCPU.Deploy.0 = Release|Windows-AnyCPU
		{4BE8C5B9-5646-4088-983B-DA02C60BB71D}.Release|Windows-ARM.ActiveCfg = Release|Windows-ARM
		{4BE8C5B9-5646-4088-983B-DA02C60BB71D}.Release|Windows-ARM.Build.0 = Release|Windows-ARM
		{4BE8C5B9-5646-4088-983B-DA02C60BB71D}.Release|Windows-ARM.Deploy.0 = Release|Windows-ARM
		{4BE8C5B9-5646-4088-983B-DA02C60BB71D}.Release|Windows-x64.ActiveCfg = Release|Windows-x64
		{4BE8C5B9-5646-4088-983B-DA02C60BB71D}.Release|Windows-x64.Build.0 = Release|Windows-x64
		{4BE8C5B9-5646-4088-983B-DA02C60BB71D}.Release|Windows-x64.Deploy.0 = Release|Windows-x64
		{4BE8C5B9-5646-4088-983B-DA02C60BB71D}.Release|Windows-x86.ActiveCfg = Release|Windows-x86
		{4BE8C5B9-5646-4088-983B-DA02C60BB71D}.Release|Windows-x86.Build.0 = Release|Windows-x86
		{4BE8C5B9-5646-4088-983B-DA02C60BB71D}.Release|Windows-x86.Deploy.0 = Release|Windows-x86
	EndGlobalSection
	GlobalSection(SolutionProperties) = preSolution
		HideSolutionNode = FALSE
	EndGlobalSection
EndGlobal
